
Microsoft Visual Studio Solution File, Format Version 12.00
# Visual Studio Version 17
VisualStudioVersion = 17.6.33801.468
MinimumVisualStudioVersion = 10.0.40219.1
Project("{2150E333-8FDC-42A3-9474-1A3956D46DE8}") = "Services", "Services", "{CE9E0EA9-7BB0-4C37-B649-D5619B28C578}"
EndProject
Project("{2150E333-8FDC-42A3-9474-1A3956D46DE8}") = "Catalog", "Catalog", "{F704806E-3921-4630-8003-A0E04D248031}"
EndProject
Project("{9A19103F-16F7-4668-BE54-9A1E7A4F7556}") = "FreeCourse.Services.Catalog", "Services\Catalog\FreeCourse.Services.Catalog\FreeCourse.Services.Catalog.csproj", "{EAC3ACAB-5EA9-4E19-A699-0E193C5BF1B8}"
EndProject
Project("{2150E333-8FDC-42A3-9474-1A3956D46DE8}") = "Solution Items", "Solution Items", "{836B852F-37F9-463D-B0AD-C5C56A1A1C97}"
	ProjectSection(SolutionItems) = preProject
		api.txt = api.txt
		code.txt = code.txt
	EndProjectSection
EndProject
Project("{2150E333-8FDC-42A3-9474-1A3956D46DE8}") = "Shared", "Shared", "{10A4F414-7CF5-47E1-808A-CFC343F58171}"
EndProject
Project("{9A19103F-16F7-4668-BE54-9A1E7A4F7556}") = "FreeCourse.Shared", "Shared\FreeCourse.Shared\FreeCourse.Shared.csproj", "{FF3A1ADA-25F9-4ADA-8227-C109C7AD5611}"
EndProject
Project("{2150E333-8FDC-42A3-9474-1A3956D46DE8}") = "IdentityServer", "IdentityServer", "{4145E76C-8075-4A40-A0EF-AEB9206D64ED}"
EndProject
Project("{9A19103F-16F7-4668-BE54-9A1E7A4F7556}") = "FreeCourse.IdentityServer", "IdentityServer\FreeCourse.IdentityServer\FreeCourse.IdentityServer.csproj", "{4B0416F2-7341-4471-954F-626930597BF6}"
EndProject
Project("{2150E333-8FDC-42A3-9474-1A3956D46DE8}") = "PhotoStock", "PhotoStock", "{C2A83DA6-F3F4-483C-90F4-7712873D95AC}"
EndProject
Project("{9A19103F-16F7-4668-BE54-9A1E7A4F7556}") = "FreeCourse.Services.PhotoStock", "Services\PhotoStock\FreeCourse.Services.PhotoStock\FreeCourse.Services.PhotoStock.csproj", "{4F6870C8-04DF-432F-9121-641AB02B49D1}"
EndProject
Project("{2150E333-8FDC-42A3-9474-1A3956D46DE8}") = "Basket", "Basket", "{EC9B74F5-33CC-4016-86DF-B03FE6869E94}"
EndProject
Project("{9A19103F-16F7-4668-BE54-9A1E7A4F7556}") = "FreeCourse.Services.Basket", "Services\Basket\FreeCourse.Services.Basket\FreeCourse.Services.Basket.csproj", "{3EE000AC-F242-45D7-AA68-87DAB4C098F0}"
EndProject
Project("{2150E333-8FDC-42A3-9474-1A3956D46DE8}") = "Discount", "Discount", "{97EA4838-7BF1-43C4-9315-DAA7D141C286}"
EndProject
Project("{9A19103F-16F7-4668-BE54-9A1E7A4F7556}") = "FreeCourse.Services.Discount", "Services\Discount\FreeCourse.Services.Discount\FreeCourse.Services.Discount.csproj", "{858595D1-2565-4CFE-8208-72CA98225FD2}"
EndProject
Project("{2150E333-8FDC-42A3-9474-1A3956D46DE8}") = "Order", "Order", "{55FDB546-1F33-4BD8-8145-68573CD142B8}"
EndProject
Project("{9A19103F-16F7-4668-BE54-9A1E7A4F7556}") = "Free.Course.Services.Order.API", "Services\Order\Free.Course.Services.Order.API\Free.Course.Services.Order.API.csproj", "{FFFDC520-1F78-4BC6-8A14-DD364213F001}"
EndProject
Project("{9A19103F-16F7-4668-BE54-9A1E7A4F7556}") = "FreeCourse.Services.Order.Application", "Services\Order\FreeCourse.Services.Order.Application\FreeCourse.Services.Order.Application.csproj", "{ACF122D7-DDB7-404E-BF47-2E505DCAC1D6}"
EndProject
Project("{9A19103F-16F7-4668-BE54-9A1E7A4F7556}") = "FreeCourse.Services.Order.Domain", "Services\Order\FreeCourse.Services.Order.Domain\FreeCourse.Services.Order.Domain.csproj", "{35BAD2FD-A41B-49C3-BF6A-359D4EFB86CB}"
EndProject
Project("{9A19103F-16F7-4668-BE54-9A1E7A4F7556}") = "FreeCourse.Services.Order.Domain.Core", "Services\Order\FreeCourse.Services.Order.Domain.Core\FreeCourse.Services.Order.Domain.Core.csproj", "{F6C67940-519D-46AD-8D00-6947991160E8}"
EndProject
Project("{9A19103F-16F7-4668-BE54-9A1E7A4F7556}") = "FreeCourse.Services.Order.Infrastructure", "Services\Order\FreeCourse.Services.Order.Infrastructure\FreeCourse.Services.Order.Infrastructure.csproj", "{0147E2CD-732B-4F96-8411-7CAB3C02C616}"
EndProject
Project("{2150E333-8FDC-42A3-9474-1A3956D46DE8}") = "FakePayment", "FakePayment", "{A4053B38-90AB-4DC5-8B5A-DE8C528ECEC4}"
EndProject
Project("{9A19103F-16F7-4668-BE54-9A1E7A4F7556}") = "FreeCourse.Services.FakePayment", "Services\FakePayment\FreeCourse.Services.FakePayment\FreeCourse.Services.FakePayment.csproj", "{E97FE7AF-0500-4B27-9CFB-230B5C33FDF7}"
EndProject
Project("{2150E333-8FDC-42A3-9474-1A3956D46DE8}") = "Gateways", "Gateways", "{879D050C-DB51-4671-ABDE-EE1D818CFB89}"
EndProject
Project("{FAE04EC0-301F-11D3-BF4B-00C04F79EFBC}") = "FreeCourse.Gateway", "Gateways\FreeCourse.Gateway\FreeCourse.Gateway.csproj", "{C477CE37-4370-43B7-9611-0E5F4B00868C}"
EndProject
Global
	GlobalSection(SolutionConfigurationPlatforms) = preSolution
		Debug|Any CPU = Debug|Any CPU
		Release|Any CPU = Release|Any CPU
	EndGlobalSection
	GlobalSection(ProjectConfigurationPlatforms) = postSolution
		{EAC3ACAB-5EA9-4E19-A699-0E193C5BF1B8}.Debug|Any CPU.ActiveCfg = Debug|Any CPU
		{EAC3ACAB-5EA9-4E19-A699-0E193C5BF1B8}.Debug|Any CPU.Build.0 = Debug|Any CPU
		{EAC3ACAB-5EA9-4E19-A699-0E193C5BF1B8}.Release|Any CPU.ActiveCfg = Release|Any CPU
		{EAC3ACAB-5EA9-4E19-A699-0E193C5BF1B8}.Release|Any CPU.Build.0 = Release|Any CPU
		{FF3A1ADA-25F9-4ADA-8227-C109C7AD5611}.Debug|Any CPU.ActiveCfg = Debug|Any CPU
		{FF3A1ADA-25F9-4ADA-8227-C109C7AD5611}.Debug|Any CPU.Build.0 = Debug|Any CPU
		{FF3A1ADA-25F9-4ADA-8227-C109C7AD5611}.Release|Any CPU.ActiveCfg = Release|Any CPU
		{FF3A1ADA-25F9-4ADA-8227-C109C7AD5611}.Release|Any CPU.Build.0 = Release|Any CPU
		{4B0416F2-7341-4471-954F-626930597BF6}.Debug|Any CPU.ActiveCfg = Debug|Any CPU
		{4B0416F2-7341-4471-954F-626930597BF6}.Debug|Any CPU.Build.0 = Debug|Any CPU
		{4B0416F2-7341-4471-954F-626930597BF6}.Release|Any CPU.ActiveCfg = Release|Any CPU
		{4B0416F2-7341-4471-954F-626930597BF6}.Release|Any CPU.Build.0 = Release|Any CPU
		{4F6870C8-04DF-432F-9121-641AB02B49D1}.Debug|Any CPU.ActiveCfg = Debug|Any CPU
		{4F6870C8-04DF-432F-9121-641AB02B49D1}.Debug|Any CPU.Build.0 = Debug|Any CPU
		{4F6870C8-04DF-432F-9121-641AB02B49D1}.Release|Any CPU.ActiveCfg = Release|Any CPU
		{4F6870C8-04DF-432F-9121-641AB02B49D1}.Release|Any CPU.Build.0 = Release|Any CPU
		{3EE000AC-F242-45D7-AA68-87DAB4C098F0}.Debug|Any CPU.ActiveCfg = Debug|Any CPU
		{3EE000AC-F242-45D7-AA68-87DAB4C098F0}.Debug|Any CPU.Build.0 = Debug|Any CPU
		{3EE000AC-F242-45D7-AA68-87DAB4C098F0}.Release|Any CPU.ActiveCfg = Release|Any CPU
		{3EE000AC-F242-45D7-AA68-87DAB4C098F0}.Release|Any CPU.Build.0 = Release|Any CPU
		{858595D1-2565-4CFE-8208-72CA98225FD2}.Debug|Any CPU.ActiveCfg = Debug|Any CPU
		{858595D1-2565-4CFE-8208-72CA98225FD2}.Debug|Any CPU.Build.0 = Debug|Any CPU
		{858595D1-2565-4CFE-8208-72CA98225FD2}.Release|Any CPU.ActiveCfg = Release|Any CPU
		{858595D1-2565-4CFE-8208-72CA98225FD2}.Release|Any CPU.Build.0 = Release|Any CPU
		{FFFDC520-1F78-4BC6-8A14-DD364213F001}.Debug|Any CPU.ActiveCfg = Debug|Any CPU
		{FFFDC520-1F78-4BC6-8A14-DD364213F001}.Debug|Any CPU.Build.0 = Debug|Any CPU
		{FFFDC520-1F78-4BC6-8A14-DD364213F001}.Release|Any CPU.ActiveCfg = Release|Any CPU
		{FFFDC520-1F78-4BC6-8A14-DD364213F001}.Release|Any CPU.Build.0 = Release|Any CPU
		{ACF122D7-DDB7-404E-BF47-2E505DCAC1D6}.Debug|Any CPU.ActiveCfg = Debug|Any CPU
		{ACF122D7-DDB7-404E-BF47-2E505DCAC1D6}.Debug|Any CPU.Build.0 = Debug|Any CPU
		{ACF122D7-DDB7-404E-BF47-2E505DCAC1D6}.Release|Any CPU.ActiveCfg = Release|Any CPU
		{ACF122D7-DDB7-404E-BF47-2E505DCAC1D6}.Release|Any CPU.Build.0 = Release|Any CPU
		{35BAD2FD-A41B-49C3-BF6A-359D4EFB86CB}.Debug|Any CPU.ActiveCfg = Debug|Any CPU
		{35BAD2FD-A41B-49C3-BF6A-359D4EFB86CB}.Debug|Any CPU.Build.0 = Debug|Any CPU
		{35BAD2FD-A41B-49C3-BF6A-359D4EFB86CB}.Release|Any CPU.ActiveCfg = Release|Any CPU
		{35BAD2FD-A41B-49C3-BF6A-359D4EFB86CB}.Release|Any CPU.Build.0 = Release|Any CPU
		{F6C67940-519D-46AD-8D00-6947991160E8}.Debug|Any CPU.ActiveCfg = Debug|Any CPU
		{F6C67940-519D-46AD-8D00-6947991160E8}.Debug|Any CPU.Build.0 = Debug|Any CPU
		{F6C67940-519D-46AD-8D00-6947991160E8}.Release|Any CPU.ActiveCfg = Release|Any CPU
		{F6C67940-519D-46AD-8D00-6947991160E8}.Release|Any CPU.Build.0 = Release|Any CPU
		{0147E2CD-732B-4F96-8411-7CAB3C02C616}.Debug|Any CPU.ActiveCfg = Debug|Any CPU
		{0147E2CD-732B-4F96-8411-7CAB3C02C616}.Debug|Any CPU.Build.0 = Debug|Any CPU
		{0147E2CD-732B-4F96-8411-7CAB3C02C616}.Release|Any CPU.ActiveCfg = Release|Any CPU
		{0147E2CD-732B-4F96-8411-7CAB3C02C616}.Release|Any CPU.Build.0 = Release|Any CPU
		{E97FE7AF-0500-4B27-9CFB-230B5C33FDF7}.Debug|Any CPU.ActiveCfg = Debug|Any CPU
		{E97FE7AF-0500-4B27-9CFB-230B5C33FDF7}.Debug|Any CPU.Build.0 = Debug|Any CPU
		{E97FE7AF-0500-4B27-9CFB-230B5C33FDF7}.Release|Any CPU.ActiveCfg = Release|Any CPU
		{E97FE7AF-0500-4B27-9CFB-230B5C33FDF7}.Release|Any CPU.Build.0 = Release|Any CPU
		{C477CE37-4370-43B7-9611-0E5F4B00868C}.Debug|Any CPU.ActiveCfg = Debug|Any CPU
		{C477CE37-4370-43B7-9611-0E5F4B00868C}.Debug|Any CPU.Build.0 = Debug|Any CPU
		{C477CE37-4370-43B7-9611-0E5F4B00868C}.Release|Any CPU.ActiveCfg = Release|Any CPU
		{C477CE37-4370-43B7-9611-0E5F4B00868C}.Release|Any CPU.Build.0 = Release|Any CPU
	EndGlobalSection
	GlobalSection(SolutionProperties) = preSolution
		HideSolutionNode = FALSE
	EndGlobalSection
	GlobalSection(NestedProjects) = preSolution
		{F704806E-3921-4630-8003-A0E04D248031} = {CE9E0EA9-7BB0-4C37-B649-D5619B28C578}
		{EAC3ACAB-5EA9-4E19-A699-0E193C5BF1B8} = {F704806E-3921-4630-8003-A0E04D248031}
		{FF3A1ADA-25F9-4ADA-8227-C109C7AD5611} = {10A4F414-7CF5-47E1-808A-CFC343F58171}
		{4B0416F2-7341-4471-954F-626930597BF6} = {4145E76C-8075-4A40-A0EF-AEB9206D64ED}
		{C2A83DA6-F3F4-483C-90F4-7712873D95AC} = {CE9E0EA9-7BB0-4C37-B649-D5619B28C578}
		{4F6870C8-04DF-432F-9121-641AB02B49D1} = {C2A83DA6-F3F4-483C-90F4-7712873D95AC}
		{EC9B74F5-33CC-4016-86DF-B03FE6869E94} = {CE9E0EA9-7BB0-4C37-B649-D5619B28C578}
		{3EE000AC-F242-45D7-AA68-87DAB4C098F0} = {EC9B74F5-33CC-4016-86DF-B03FE6869E94}
		{97EA4838-7BF1-43C4-9315-DAA7D141C286} = {CE9E0EA9-7BB0-4C37-B649-D5619B28C578}
		{858595D1-2565-4CFE-8208-72CA98225FD2} = {97EA4838-7BF1-43C4-9315-DAA7D141C286}
		{55FDB546-1F33-4BD8-8145-68573CD142B8} = {CE9E0EA9-7BB0-4C37-B649-D5619B28C578}
		{FFFDC520-1F78-4BC6-8A14-DD364213F001} = {55FDB546-1F33-4BD8-8145-68573CD142B8}
		{ACF122D7-DDB7-404E-BF47-2E505DCAC1D6} = {55FDB546-1F33-4BD8-8145-68573CD142B8}
		{35BAD2FD-A41B-49C3-BF6A-359D4EFB86CB} = {55FDB546-1F33-4BD8-8145-68573CD142B8}
		{F6C67940-519D-46AD-8D00-6947991160E8} = {55FDB546-1F33-4BD8-8145-68573CD142B8}
		{0147E2CD-732B-4F96-8411-7CAB3C02C616} = {55FDB546-1F33-4BD8-8145-68573CD142B8}
		{A4053B38-90AB-4DC5-8B5A-DE8C528ECEC4} = {CE9E0EA9-7BB0-4C37-B649-D5619B28C578}
		{E97FE7AF-0500-4B27-9CFB-230B5C33FDF7} = {A4053B38-90AB-4DC5-8B5A-DE8C528ECEC4}
		{C477CE37-4370-43B7-9611-0E5F4B00868C} = {879D050C-DB51-4671-ABDE-EE1D818CFB89}
	EndGlobalSection
	GlobalSection(ExtensibilityGlobals) = postSolution
		SolutionGuid = {D5436FC8-FE00-47DC-A130-EB0DA876D9F5}
	EndGlobalSection
EndGlobal
